
Microsoft Visual Studio Solution File, Format Version 12.00
# Visual Studio Version 17
VisualStudioVersion = 17.6.33712.159
MinimumVisualStudioVersion = 10.0.40219.1
Project("{FAE04EC0-301F-11D3-BF4B-00C04F79EFBC}") = "WF_1", "WF_1\WF_1.csproj", "{8FECEAB3-4D0F-49A8-B547-61CAE88133B5}"
EndProject
Global
	GlobalSection(SolutionConfigurationPlatforms) = preSolution
		Debug|Any CPU = Debug|Any CPU
		Release|Any CPU = Release|Any CPU
	EndGlobalSection
	GlobalSection(ProjectConfigurationPlatforms) = postSolution
		{8FECEAB3-4D0F-49A8-B547-61CAE88133B5}.Debug|Any CPU.ActiveCfg = Debug|Any CPU
		{8FECEAB3-4D0F-49A8-B547-61CAE88133B5}.Debug|Any CPU.Build.0 = Debug|Any CPU
		{8FECEAB3-4D0F-49A8-B547-61CAE88133B5}.Release|Any CPU.ActiveCfg = Release|Any CPU
		{8FECEAB3-4D0F-49A8-B547-61CAE88133B5}.Release|Any CPU.Build.0 = Release|Any CPU
	EndGlobalSection
	GlobalSection(SolutionProperties) = preSolution
		HideSolutionNode = FALSE
	EndGlobalSection
	GlobalSection(ExtensibilityGlobals) = postSolution
		SolutionGuid = {CFBD9202-42DF-4B7D-BC80-71BFB5AFDFD5}
	EndGlobalSection
EndGlobal
